
Microsoft Visual Studio Solution File, Format Version 12.00
# Visual Studio 15
VisualStudioVersion = 15.0.28307.572
MinimumVisualStudioVersion = 10.0.40219.1
Project("{FAE04EC0-301F-11D3-BF4B-00C04F79EFBC}") = "XY.RabbitMQ.Framework", "XY.RabbitMQ.Framework\XY.RabbitMQ.Framework.csproj", "{570C3E8A-5590-4148-B15C-B3416F3AD190}"
EndProject
Project("{2150E333-8FDC-42A3-9474-1A3956D46DE8}") = "XY.RabbitMQ.Demo", "XY.RabbitMQ.Demo", "{14A8D062-A2DB-4D66-9B4E-55B0DFAD644F}"
EndProject
Project("{FAE04EC0-301F-11D3-BF4B-00C04F79EFBC}") = "XY.RabbitMQ.Message", "XY.RabbitMQ.Message\XY.RabbitMQ.Message.csproj", "{5F0BF74D-6E5E-4FBF-B5DF-B779C7E68B4B}"
EndProject
Project("{FAE04EC0-301F-11D3-BF4B-00C04F79EFBC}") = "XY.RabbitMQ.Client", "XY.RabbitMQ.Client\XY.RabbitMQ.Client.csproj", "{7243FB8C-1C67-46F0-BED7-7E07CAEC3EE4}"
EndProject
Project("{FAE04EC0-301F-11D3-BF4B-00C04F79EFBC}") = "XY.RabbitMQ.Server", "XY.RabbitMQ.Server\XY.RabbitMQ.Server.csproj", "{651BFE8D-DA29-49F0-80B3-539598C47E3A}"
EndProject
Project("{9A19103F-16F7-4668-BE54-9A1E7A4F7556}") = "CoreMQ", "CoreMQ\CoreMQ.csproj", "{F52E1035-11D7-4B09-A0EE-C5F9744F1231}"
EndProject
Project("{9A19103F-16F7-4668-BE54-9A1E7A4F7556}") = "RabbitMQ", "RabbitMQ\RabbitMQ.csproj", "{DD7D002C-760E-4358-8B2C-1AB3BE3CA4C6}"
EndProject
Project("{9A19103F-16F7-4668-BE54-9A1E7A4F7556}") = "NetCore.Common", "NetCore.Common\NetCore.Common.csproj", "{8CDC66F0-F16B-480A-A464-2A269B92DDBD}"
EndProject
Project("{2150E333-8FDC-42A3-9474-1A3956D46DE8}") = "Core.Common", "Core.Common", "{665FDC33-A5A2-45D2-953A-7F3D27BE0101}"
EndProject
Project("{2150E333-8FDC-42A3-9474-1A3956D46DE8}") = "Core.Web", "Core.Web", "{DE002648-16AA-4BEA-BA31-FF2D94A923CC}"
EndProject
Project("{2150E333-8FDC-42A3-9474-1A3956D46DE8}") = "Autofac", "Autofac", "{37FC2521-281A-42ED-9CDB-F909330F484B}"
EndProject
Project("{2150E333-8FDC-42A3-9474-1A3956D46DE8}") = "common", "common", "{999190E1-83C6-473E-A8C0-57ACDB1009D9}"
EndProject
Project("{2150E333-8FDC-42A3-9474-1A3956D46DE8}") = "Model", "Model", "{747C489D-5366-4DA7-AF63-DF6FDB7D2518}"
EndProject
Project("{2150E333-8FDC-42A3-9474-1A3956D46DE8}") = "BLL", "BLL", "{91B18AEA-80F9-4AA9-85DC-843E16AF30F5}"
EndProject
Project("{2150E333-8FDC-42A3-9474-1A3956D46DE8}") = "DAL", "DAL", "{BAF7C2C9-FD50-40B0-9424-63A16FDBA15B}"
EndProject
Project("{2150E333-8FDC-42A3-9474-1A3956D46DE8}") = "Web", "Web", "{32B3D665-DB4C-45D9-A9C0-70E90E59267F}"
EndProject
Project("{FAE04EC0-301F-11D3-BF4B-00C04F79EFBC}") = "autofacdemo", "autofacdemo\autofacdemo.csproj", "{AC488A00-8F90-4ADD-AFC7-3A34E7DBBE04}"
EndProject
Global
	GlobalSection(SolutionConfigurationPlatforms) = preSolution
		Debug|Any CPU = Debug|Any CPU
		Release|Any CPU = Release|Any CPU
	EndGlobalSection
	GlobalSection(ProjectConfigurationPlatforms) = postSolution
		{570C3E8A-5590-4148-B15C-B3416F3AD190}.Debug|Any CPU.ActiveCfg = Debug|Any CPU
		{570C3E8A-5590-4148-B15C-B3416F3AD190}.Debug|Any CPU.Build.0 = Debug|Any CPU
		{570C3E8A-5590-4148-B15C-B3416F3AD190}.Release|Any CPU.ActiveCfg = Release|Any CPU
		{570C3E8A-5590-4148-B15C-B3416F3AD190}.Release|Any CPU.Build.0 = Release|Any CPU
		{5F0BF74D-6E5E-4FBF-B5DF-B779C7E68B4B}.Debug|Any CPU.ActiveCfg = Debug|Any CPU
		{5F0BF74D-6E5E-4FBF-B5DF-B779C7E68B4B}.Debug|Any CPU.Build.0 = Debug|Any CPU
		{5F0BF74D-6E5E-4FBF-B5DF-B779C7E68B4B}.Release|Any CPU.ActiveCfg = Release|Any CPU
		{5F0BF74D-6E5E-4FBF-B5DF-B779C7E68B4B}.Release|Any CPU.Build.0 = Release|Any CPU
		{7243FB8C-1C67-46F0-BED7-7E07CAEC3EE4}.Debug|Any CPU.ActiveCfg = Debug|Any CPU
		{7243FB8C-1C67-46F0-BED7-7E07CAEC3EE4}.Debug|Any CPU.Build.0 = Debug|Any CPU
		{7243FB8C-1C67-46F0-BED7-7E07CAEC3EE4}.Release|Any CPU.ActiveCfg = Release|Any CPU
		{7243FB8C-1C67-46F0-BED7-7E07CAEC3EE4}.Release|Any CPU.Build.0 = Release|Any CPU
		{651BFE8D-DA29-49F0-80B3-539598C47E3A}.Debug|Any CPU.ActiveCfg = Debug|Any CPU
		{651BFE8D-DA29-49F0-80B3-539598C47E3A}.Debug|Any CPU.Build.0 = Debug|Any CPU
		{651BFE8D-DA29-49F0-80B3-539598C47E3A}.Release|Any CPU.ActiveCfg = Release|Any CPU
		{651BFE8D-DA29-49F0-80B3-539598C47E3A}.Release|Any CPU.Build.0 = Release|Any CPU
		{F52E1035-11D7-4B09-A0EE-C5F9744F1231}.Debug|Any CPU.ActiveCfg = Debug|Any CPU
		{F52E1035-11D7-4B09-A0EE-C5F9744F1231}.Debug|Any CPU.Build.0 = Debug|Any CPU
		{F52E1035-11D7-4B09-A0EE-C5F9744F1231}.Release|Any CPU.ActiveCfg = Release|Any CPU
		{F52E1035-11D7-4B09-A0EE-C5F9744F1231}.Release|Any CPU.Build.0 = Release|Any CPU
		{DD7D002C-760E-4358-8B2C-1AB3BE3CA4C6}.Debug|Any CPU.ActiveCfg = Debug|Any CPU
		{DD7D002C-760E-4358-8B2C-1AB3BE3CA4C6}.Debug|Any CPU.Build.0 = Debug|Any CPU
		{DD7D002C-760E-4358-8B2C-1AB3BE3CA4C6}.Release|Any CPU.ActiveCfg = Release|Any CPU
		{DD7D002C-760E-4358-8B2C-1AB3BE3CA4C6}.Release|Any CPU.Build.0 = Release|Any CPU
		{8CDC66F0-F16B-480A-A464-2A269B92DDBD}.Debug|Any CPU.ActiveCfg = Debug|Any CPU
		{8CDC66F0-F16B-480A-A464-2A269B92DDBD}.Debug|Any CPU.Build.0 = Debug|Any CPU
		{8CDC66F0-F16B-480A-A464-2A269B92DDBD}.Release|Any CPU.ActiveCfg = Release|Any CPU
		{8CDC66F0-F16B-480A-A464-2A269B92DDBD}.Release|Any CPU.Build.0 = Release|Any CPU
		{AC488A00-8F90-4ADD-AFC7-3A34E7DBBE04}.Debug|Any CPU.ActiveCfg = Debug|Any CPU
		{AC488A00-8F90-4ADD-AFC7-3A34E7DBBE04}.Debug|Any CPU.Build.0 = Debug|Any CPU
		{AC488A00-8F90-4ADD-AFC7-3A34E7DBBE04}.Release|Any CPU.ActiveCfg = Release|Any CPU
		{AC488A00-8F90-4ADD-AFC7-3A34E7DBBE04}.Release|Any CPU.Build.0 = Release|Any CPU
	EndGlobalSection
	GlobalSection(SolutionProperties) = preSolution
		HideSolutionNode = FALSE
	EndGlobalSection
	GlobalSection(NestedProjects) = preSolution
		{570C3E8A-5590-4148-B15C-B3416F3AD190} = {14A8D062-A2DB-4D66-9B4E-55B0DFAD644F}
		{5F0BF74D-6E5E-4FBF-B5DF-B779C7E68B4B} = {14A8D062-A2DB-4D66-9B4E-55B0DFAD644F}
		{7243FB8C-1C67-46F0-BED7-7E07CAEC3EE4} = {14A8D062-A2DB-4D66-9B4E-55B0DFAD644F}
		{651BFE8D-DA29-49F0-80B3-539598C47E3A} = {14A8D062-A2DB-4D66-9B4E-55B0DFAD644F}
		{F52E1035-11D7-4B09-A0EE-C5F9744F1231} = {DE002648-16AA-4BEA-BA31-FF2D94A923CC}
		{DD7D002C-760E-4358-8B2C-1AB3BE3CA4C6} = {665FDC33-A5A2-45D2-953A-7F3D27BE0101}
		{8CDC66F0-F16B-480A-A464-2A269B92DDBD} = {665FDC33-A5A2-45D2-953A-7F3D27BE0101}
		{999190E1-83C6-473E-A8C0-57ACDB1009D9} = {37FC2521-281A-42ED-9CDB-F909330F484B}
		{747C489D-5366-4DA7-AF63-DF6FDB7D2518} = {37FC2521-281A-42ED-9CDB-F909330F484B}
		{91B18AEA-80F9-4AA9-85DC-843E16AF30F5} = {37FC2521-281A-42ED-9CDB-F909330F484B}
		{BAF7C2C9-FD50-40B0-9424-63A16FDBA15B} = {37FC2521-281A-42ED-9CDB-F909330F484B}
		{32B3D665-DB4C-45D9-A9C0-70E90E59267F} = {37FC2521-281A-42ED-9CDB-F909330F484B}
		{AC488A00-8F90-4ADD-AFC7-3A34E7DBBE04} = {32B3D665-DB4C-45D9-A9C0-70E90E59267F}
	EndGlobalSection
	GlobalSection(ExtensibilityGlobals) = postSolution
		SolutionGuid = {72CEA331-E5E8-4C0B-811A-3E6D1A91D7B7}
	EndGlobalSection
EndGlobal
